// !$*UTF8*$!
{
	archiveVersion = 1;
	classes = {
	};
	objectVersion = 50;
	objects = {

/* Begin PBXBuildFile section */
		FDD3A2692545B5D0001CAA82 /* AppDelegate.swift in Sources */ = {isa = PBXBuildFile; fileRef = FDD3A2682545B5D0001CAA82 /* AppDelegate.swift */; };
		FDD3A26B2545B5D0001CAA82 /* SceneDelegate.swift in Sources */ = {isa = PBXBuildFile; fileRef = FDD3A26A2545B5D0001CAA82 /* SceneDelegate.swift */; };
		FDD3A2702545B5D0001CAA82 /* Main.storyboard in Resources */ = {isa = PBXBuildFile; fileRef = FDD3A26E2545B5D0001CAA82 /* Main.storyboard */; };
		FDD3A2722545B5D0001CAA82 /* Assets.xcassets in Resources */ = {isa = PBXBuildFile; fileRef = FDD3A2712545B5D0001CAA82 /* Assets.xcassets */; };
		FDD3A2752545B5D0001CAA82 /* LaunchScreen.storyboard in Resources */ = {isa = PBXBuildFile; fileRef = FDD3A2732545B5D0001CAA82 /* LaunchScreen.storyboard */; };
		FDD3A2802545B5D0001CAA82 /* LocationAuthSampleTests.swift in Sources */ = {isa = PBXBuildFile; fileRef = FDD3A27F2545B5D0001CAA82 /* LocationAuthSampleTests.swift */; };
		FDD3A28B2545B5D0001CAA82 /* LocationAuthSampleUITests.swift in Sources */ = {isa = PBXBuildFile; fileRef = FDD3A28A2545B5D0001CAA82 /* LocationAuthSampleUITests.swift */; };
		FDD3A29F2545B820001CAA82 /* Map.storyboard in Resources */ = {isa = PBXBuildFile; fileRef = FDD3A29E2545B820001CAA82 /* Map.storyboard */; };
		FDD3A2AA2545B857001CAA82 /* Settings.storyboard in Resources */ = {isa = PBXBuildFile; fileRef = FDD3A2A92545B857001CAA82 /* Settings.storyboard */; };
		FDD3A2B22545C329001CAA82 /* MapViewController.swift in Sources */ = {isa = PBXBuildFile; fileRef = FDD3A2B12545C329001CAA82 /* MapViewController.swift */; };
		FDD3A2BA2545C48B001CAA82 /* LocationManager.swift in Sources */ = {isa = PBXBuildFile; fileRef = FDD3A2B92545C48B001CAA82 /* LocationManager.swift */; };
		FDD3A2D32545D7E0001CAA82 /* SettingsViewController.swift in Sources */ = {isa = PBXBuildFile; fileRef = FDD3A2D22545D7E0001CAA82 /* SettingsViewController.swift */; };
/* End PBXBuildFile section */

/* Begin PBXContainerItemProxy section */
		FDD3A27C2545B5D0001CAA82 /* PBXContainerItemProxy */ = {
			isa = PBXContainerItemProxy;
			containerPortal = FDD3A25D2545B5D0001CAA82 /* Project object */;
			proxyType = 1;
			remoteGlobalIDString = FDD3A2642545B5D0001CAA82;
			remoteInfo = LocationAuthSample;
		};
		FDD3A2872545B5D0001CAA82 /* PBXContainerItemProxy */ = {
			isa = PBXContainerItemProxy;
			containerPortal = FDD3A25D2545B5D0001CAA82 /* Project object */;
			proxyType = 1;
			remoteGlobalIDString = FDD3A2642545B5D0001CAA82;
			remoteInfo = LocationAuthSample;
		};
/* End PBXContainerItemProxy section */

/* Begin PBXFileReference section */
		FDD3A2652545B5D0001CAA82 /* LocationAuthSample.app */ = {isa = PBXFileReference; explicitFileType = wrapper.application; includeInIndex = 0; path = LocationAuthSample.app; sourceTree = BUILT_PRODUCTS_DIR; };
		FDD3A2682545B5D0001CAA82 /* AppDelegate.swift */ = {isa = PBXFileReference; lastKnownFileType = sourcecode.swift; path = AppDelegate.swift; sourceTree = "<group>"; };
		FDD3A26A2545B5D0001CAA82 /* SceneDelegate.swift */ = {isa = PBXFileReference; lastKnownFileType = sourcecode.swift; path = SceneDelegate.swift; sourceTree = "<group>"; };
		FDD3A26F2545B5D0001CAA82 /* Base */ = {isa = PBXFileReference; lastKnownFileType = file.storyboard; name = Base; path = Base.lproj/Main.storyboard; sourceTree = "<group>"; };
		FDD3A2712545B5D0001CAA82 /* Assets.xcassets */ = {isa = PBXFileReference; lastKnownFileType = folder.assetcatalog; path = Assets.xcassets; sourceTree = "<group>"; };
		FDD3A2742545B5D0001CAA82 /* Base */ = {isa = PBXFileReference; lastKnownFileType = file.storyboard; name = Base; path = Base.lproj/LaunchScreen.storyboard; sourceTree = "<group>"; };
		FDD3A2762545B5D0001CAA82 /* Info.plist */ = {isa = PBXFileReference; lastKnownFileType = text.plist.xml; path = Info.plist; sourceTree = "<group>"; };
		FDD3A27B2545B5D0001CAA82 /* LocationAuthSampleTests.xctest */ = {isa = PBXFileReference; explicitFileType = wrapper.cfbundle; includeInIndex = 0; path = LocationAuthSampleTests.xctest; sourceTree = BUILT_PRODUCTS_DIR; };
		FDD3A27F2545B5D0001CAA82 /* LocationAuthSampleTests.swift */ = {isa = PBXFileReference; lastKnownFileType = sourcecode.swift; path = LocationAuthSampleTests.swift; sourceTree = "<group>"; };
		FDD3A2812545B5D0001CAA82 /* Info.plist */ = {isa = PBXFileReference; lastKnownFileType = text.plist.xml; path = Info.plist; sourceTree = "<group>"; };
		FDD3A2862545B5D0001CAA82 /* LocationAuthSampleUITests.xctest */ = {isa = PBXFileReference; explicitFileType = wrapper.cfbundle; includeInIndex = 0; path = LocationAuthSampleUITests.xctest; sourceTree = BUILT_PRODUCTS_DIR; };
		FDD3A28A2545B5D0001CAA82 /* LocationAuthSampleUITests.swift */ = {isa = PBXFileReference; lastKnownFileType = sourcecode.swift; path = LocationAuthSampleUITests.swift; sourceTree = "<group>"; };
		FDD3A28C2545B5D0001CAA82 /* Info.plist */ = {isa = PBXFileReference; lastKnownFileType = text.plist.xml; path = Info.plist; sourceTree = "<group>"; };
		FDD3A29E2545B820001CAA82 /* Map.storyboard */ = {isa = PBXFileReference; lastKnownFileType = file.storyboard; path = Map.storyboard; sourceTree = "<group>"; };
		FDD3A2A92545B857001CAA82 /* Settings.storyboard */ = {isa = PBXFileReference; lastKnownFileType = file.storyboard; path = Settings.storyboard; sourceTree = "<group>"; };
		FDD3A2B12545C329001CAA82 /* MapViewController.swift */ = {isa = PBXFileReference; lastKnownFileType = sourcecode.swift; path = MapViewController.swift; sourceTree = "<group>"; };
		FDD3A2B92545C48B001CAA82 /* LocationManager.swift */ = {isa = PBXFileReference; fileEncoding = 4; lastKnownFileType = sourcecode.swift; path = LocationManager.swift; sourceTree = "<group>"; };
		FDD3A2BE2545C513001CAA82 /* ja */ = {isa = PBXFileReference; lastKnownFileType = text.plist.strings; name = ja; path = ja.lproj/Main.strings; sourceTree = "<group>"; };
		FDD3A2BF2545C513001CAA82 /* ja */ = {isa = PBXFileReference; lastKnownFileType = text.plist.strings; name = ja; path = ja.lproj/LaunchScreen.strings; sourceTree = "<group>"; };
		FDD3A2D22545D7E0001CAA82 /* SettingsViewController.swift */ = {isa = PBXFileReference; lastKnownFileType = sourcecode.swift; path = SettingsViewController.swift; sourceTree = "<group>"; };
/* End PBXFileReference section */

/* Begin PBXFrameworksBuildPhase section */
		FDD3A2622545B5D0001CAA82 /* Frameworks */ = {
			isa = PBXFrameworksBuildPhase;
			buildActionMask = 2147483647;
			files = (
			);
			runOnlyForDeploymentPostprocessing = 0;
		};
		FDD3A2782545B5D0001CAA82 /* Frameworks */ = {
			isa = PBXFrameworksBuildPhase;
			buildActionMask = 2147483647;
			files = (
			);
			runOnlyForDeploymentPostprocessing = 0;
		};
		FDD3A2832545B5D0001CAA82 /* Frameworks */ = {
			isa = PBXFrameworksBuildPhase;
			buildActionMask = 2147483647;
			files = (
			);
			runOnlyForDeploymentPostprocessing = 0;
		};
/* End PBXFrameworksBuildPhase section */

/* Begin PBXGroup section */
		FDD3A25C2545B5D0001CAA82 = {
			isa = PBXGroup;
			children = (
				FDD3A2672545B5D0001CAA82 /* LocationAuthSample */,
				FDD3A27E2545B5D0001CAA82 /* LocationAuthSampleTests */,
				FDD3A2892545B5D0001CAA82 /* LocationAuthSampleUITests */,
				FDD3A2662545B5D0001CAA82 /* Products */,
			);
			sourceTree = "<group>";
		};
		FDD3A2662545B5D0001CAA82 /* Products */ = {
			isa = PBXGroup;
			children = (
				FDD3A2652545B5D0001CAA82 /* LocationAuthSample.app */,
				FDD3A27B2545B5D0001CAA82 /* LocationAuthSampleTests.xctest */,
				FDD3A2862545B5D0001CAA82 /* LocationAuthSampleUITests.xctest */,
			);
			name = Products;
			sourceTree = "<group>";
		};
		FDD3A2672545B5D0001CAA82 /* LocationAuthSample */ = {
			isa = PBXGroup;
			children = (
				FDD3A2682545B5D0001CAA82 /* AppDelegate.swift */,
				FDD3A26A2545B5D0001CAA82 /* SceneDelegate.swift */,
				FDD3A26E2545B5D0001CAA82 /* Main.storyboard */,
				FDD3A2B12545C329001CAA82 /* MapViewController.swift */,
				FDD3A29E2545B820001CAA82 /* Map.storyboard */,
				FDD3A2D22545D7E0001CAA82 /* SettingsViewController.swift */,
				FDD3A2A92545B857001CAA82 /* Settings.storyboard */,
				FDD3A2B92545C48B001CAA82 /* LocationManager.swift */,
				FDD3A2712545B5D0001CAA82 /* Assets.xcassets */,
				FDD3A2732545B5D0001CAA82 /* LaunchScreen.storyboard */,
				FDD3A2762545B5D0001CAA82 /* Info.plist */,
			);
			path = LocationAuthSample;
			sourceTree = "<group>";
		};
		FDD3A27E2545B5D0001CAA82 /* LocationAuthSampleTests */ = {
			isa = PBXGroup;
			children = (
				FDD3A27F2545B5D0001CAA82 /* LocationAuthSampleTests.swift */,
				FDD3A2812545B5D0001CAA82 /* Info.plist */,
			);
			path = LocationAuthSampleTests;
			sourceTree = "<group>";
		};
		FDD3A2892545B5D0001CAA82 /* LocationAuthSampleUITests */ = {
			isa = PBXGroup;
			children = (
				FDD3A28A2545B5D0001CAA82 /* LocationAuthSampleUITests.swift */,
				FDD3A28C2545B5D0001CAA82 /* Info.plist */,
			);
			path = LocationAuthSampleUITests;
			sourceTree = "<group>";
		};
/* End PBXGroup section */

/* Begin PBXNativeTarget section */
		FDD3A2642545B5D0001CAA82 /* LocationAuthSample */ = {
			isa = PBXNativeTarget;
			buildConfigurationList = FDD3A28F2545B5D0001CAA82 /* Build configuration list for PBXNativeTarget "LocationAuthSample" */;
			buildPhases = (
				FDD3A2612545B5D0001CAA82 /* Sources */,
				FDD3A2622545B5D0001CAA82 /* Frameworks */,
				FDD3A2632545B5D0001CAA82 /* Resources */,
			);
			buildRules = (
			);
			dependencies = (
			);
			name = LocationAuthSample;
			productName = LocationAuthSample;
			productReference = FDD3A2652545B5D0001CAA82 /* LocationAuthSample.app */;
			productType = "com.apple.product-type.application";
		};
		FDD3A27A2545B5D0001CAA82 /* LocationAuthSampleTests */ = {
			isa = PBXNativeTarget;
			buildConfigurationList = FDD3A2922545B5D0001CAA82 /* Build configuration list for PBXNativeTarget "LocationAuthSampleTests" */;
			buildPhases = (
				FDD3A2772545B5D0001CAA82 /* Sources */,
				FDD3A2782545B5D0001CAA82 /* Frameworks */,
				FDD3A2792545B5D0001CAA82 /* Resources */,
			);
			buildRules = (
			);
			dependencies = (
				FDD3A27D2545B5D0001CAA82 /* PBXTargetDependency */,
			);
			name = LocationAuthSampleTests;
			productName = LocationAuthSampleTests;
			productReference = FDD3A27B2545B5D0001CAA82 /* LocationAuthSampleTests.xctest */;
			productType = "com.apple.product-type.bundle.unit-test";
		};
		FDD3A2852545B5D0001CAA82 /* LocationAuthSampleUITests */ = {
			isa = PBXNativeTarget;
			buildConfigurationList = FDD3A2952545B5D0001CAA82 /* Build configuration list for PBXNativeTarget "LocationAuthSampleUITests" */;
			buildPhases = (
				FDD3A2822545B5D0001CAA82 /* Sources */,
				FDD3A2832545B5D0001CAA82 /* Frameworks */,
				FDD3A2842545B5D0001CAA82 /* Resources */,
			);
			buildRules = (
			);
			dependencies = (
				FDD3A2882545B5D0001CAA82 /* PBXTargetDependency */,
			);
			name = LocationAuthSampleUITests;
			productName = LocationAuthSampleUITests;
			productReference = FDD3A2862545B5D0001CAA82 /* LocationAuthSampleUITests.xctest */;
			productType = "com.apple.product-type.bundle.ui-testing";
		};
/* End PBXNativeTarget section */

/* Begin PBXProject section */
		FDD3A25D2545B5D0001CAA82 /* Project object */ = {
			isa = PBXProject;
			attributes = {
				LastSwiftUpdateCheck = 1200;
				LastUpgradeCheck = 1200;
				TargetAttributes = {
					FDD3A2642545B5D0001CAA82 = {
						CreatedOnToolsVersion = 12.0.1;
					};
					FDD3A27A2545B5D0001CAA82 = {
						CreatedOnToolsVersion = 12.0.1;
						TestTargetID = FDD3A2642545B5D0001CAA82;
					};
					FDD3A2852545B5D0001CAA82 = {
						CreatedOnToolsVersion = 12.0.1;
						TestTargetID = FDD3A2642545B5D0001CAA82;
					};
				};
			};
			buildConfigurationList = FDD3A2602545B5D0001CAA82 /* Build configuration list for PBXProject "LocationAuthSample" */;
			compatibilityVersion = "Xcode 9.3";
			developmentRegion = ja_JP;
			hasScannedForEncodings = 0;
			knownRegions = (
				ja_JP,
				ja,
				Base,
			);
			mainGroup = FDD3A25C2545B5D0001CAA82;
			productRefGroup = FDD3A2662545B5D0001CAA82 /* Products */;
			projectDirPath = "";
			projectRoot = "";
			targets = (
				FDD3A2642545B5D0001CAA82 /* LocationAuthSample */,
				FDD3A27A2545B5D0001CAA82 /* LocationAuthSampleTests */,
				FDD3A2852545B5D0001CAA82 /* LocationAuthSampleUITests */,
			);
		};
/* End PBXProject section */

/* Begin PBXResourcesBuildPhase section */
		FDD3A2632545B5D0001CAA82 /* Resources */ = {
			isa = PBXResourcesBuildPhase;
			buildActionMask = 2147483647;
			files = (
				FDD3A2752545B5D0001CAA82 /* LaunchScreen.storyboard in Resources */,
				FDD3A2722545B5D0001CAA82 /* Assets.xcassets in Resources */,
				FDD3A2702545B5D0001CAA82 /* Main.storyboard in Resources */,
				FDD3A29F2545B820001CAA82 /* Map.storyboard in Resources */,
				FDD3A2AA2545B857001CAA82 /* Settings.storyboard in Resources */,
			);
			runOnlyForDeploymentPostprocessing = 0;
		};
		FDD3A2792545B5D0001CAA82 /* Resources */ = {
			isa = PBXResourcesBuildPhase;
			buildActionMask = 2147483647;
			files = (
			);
			runOnlyForDeploymentPostprocessing = 0;
		};
		FDD3A2842545B5D0001CAA82 /* Resources */ = {
			isa = PBXResourcesBuildPhase;
			buildActionMask = 2147483647;
			files = (
			);
			runOnlyForDeploymentPostprocessing = 0;
		};
/* End PBXResourcesBuildPhase section */

/* Begin PBXSourcesBuildPhase section */
		FDD3A2612545B5D0001CAA82 /* Sources */ = {
			isa = PBXSourcesBuildPhase;
			buildActionMask = 2147483647;
			files = (
				FDD3A2BA2545C48B001CAA82 /* LocationManager.swift in Sources */,
				FDD3A2692545B5D0001CAA82 /* AppDelegate.swift in Sources */,
				FDD3A2B22545C329001CAA82 /* MapViewController.swift in Sources */,
				FDD3A2D32545D7E0001CAA82 /* SettingsViewController.swift in Sources */,
				FDD3A26B2545B5D0001CAA82 /* SceneDelegate.swift in Sources */,
			);
			runOnlyForDeploymentPostprocessing = 0;
		};
		FDD3A2772545B5D0001CAA82 /* Sources */ = {
			isa = PBXSourcesBuildPhase;
			buildActionMask = 2147483647;
			files = (
				FDD3A2802545B5D0001CAA82 /* LocationAuthSampleTests.swift in Sources */,
			);
			runOnlyForDeploymentPostprocessing = 0;
		};
		FDD3A2822545B5D0001CAA82 /* Sources */ = {
			isa = PBXSourcesBuildPhase;
			buildActionMask = 2147483647;
			files = (
				FDD3A28B2545B5D0001CAA82 /* LocationAuthSampleUITests.swift in Sources */,
			);
			runOnlyForDeploymentPostprocessing = 0;
		};
/* End PBXSourcesBuildPhase section */

/* Begin PBXTargetDependency section */
		FDD3A27D2545B5D0001CAA82 /* PBXTargetDependency */ = {
			isa = PBXTargetDependency;
			target = FDD3A2642545B5D0001CAA82 /* LocationAuthSample */;
			targetProxy = FDD3A27C2545B5D0001CAA82 /* PBXContainerItemProxy */;
		};
		FDD3A2882545B5D0001CAA82 /* PBXTargetDependency */ = {
			isa = PBXTargetDependency;
			target = FDD3A2642545B5D0001CAA82 /* LocationAuthSample */;
			targetProxy = FDD3A2872545B5D0001CAA82 /* PBXContainerItemProxy */;
		};
/* End PBXTargetDependency section */

/* Begin PBXVariantGroup section */
		FDD3A26E2545B5D0001CAA82 /* Main.storyboard */ = {
			isa = PBXVariantGroup;
			children = (
				FDD3A26F2545B5D0001CAA82 /* Base */,
				FDD3A2BE2545C513001CAA82 /* ja */,
			);
			name = Main.storyboard;
			sourceTree = "<group>";
		};
		FDD3A2732545B5D0001CAA82 /* LaunchScreen.storyboard */ = {
			isa = PBXVariantGroup;
			children = (
				FDD3A2742545B5D0001CAA82 /* Base */,
				FDD3A2BF2545C513001CAA82 /* ja */,
			);
			name = LaunchScreen.storyboard;
			sourceTree = "<group>";
		};
/* End PBXVariantGroup section */

/* Begin XCBuildConfiguration section */
		FDD3A28D2545B5D0001CAA82 /* Debug */ = {
			isa = XCBuildConfiguration;
			buildSettings = {
				ALWAYS_SEARCH_USER_PATHS = NO;
				CLANG_ANALYZER_LOCALIZABILITY_NONLOCALIZED = YES;
				CLANG_ANALYZER_NONNULL = YES;
				CLANG_ANALYZER_NUMBER_OBJECT_CONVERSION = YES_AGGRESSIVE;
				CLANG_CXX_LANGUAGE_STANDARD = "gnu++14";
				CLANG_CXX_LIBRARY = "libc++";
				CLANG_ENABLE_MODULES = YES;
				CLANG_ENABLE_OBJC_ARC = YES;
				CLANG_ENABLE_OBJC_WEAK = YES;
				CLANG_WARN_BLOCK_CAPTURE_AUTORELEASING = YES;
				CLANG_WARN_BOOL_CONVERSION = YES;
				CLANG_WARN_COMMA = YES;
				CLANG_WARN_CONSTANT_CONVERSION = YES;
				CLANG_WARN_DEPRECATED_OBJC_IMPLEMENTATIONS = YES;
				CLANG_WARN_DIRECT_OBJC_ISA_USAGE = YES_ERROR;
				CLANG_WARN_DOCUMENTATION_COMMENTS = YES;
				CLANG_WARN_EMPTY_BODY = YES;
				CLANG_WARN_ENUM_CONVERSION = YES;
				CLANG_WARN_INFINITE_RECURSION = YES;
				CLANG_WARN_INT_CONVERSION = YES;
				CLANG_WARN_NON_LITERAL_NULL_CONVERSION = YES;
				CLANG_WARN_OBJC_IMPLICIT_RETAIN_SELF = YES;
				CLANG_WARN_OBJC_LITERAL_CONVERSION = YES;
				CLANG_WARN_OBJC_ROOT_CLASS = YES_ERROR;
				CLANG_WARN_QUOTED_INCLUDE_IN_FRAMEWORK_HEADER = YES;
				CLANG_WARN_RANGE_LOOP_ANALYSIS = YES;
				CLANG_WARN_STRICT_PROTOTYPES = YES;
				CLANG_WARN_SUSPICIOUS_MOVE = YES;
				CLANG_WARN_UNGUARDED_AVAILABILITY = YES_AGGRESSIVE;
				CLANG_WARN_UNREACHABLE_CODE = YES;
				CLANG_WARN__DUPLICATE_METHOD_MATCH = YES;
				COPY_PHASE_STRIP = NO;
				DEBUG_INFORMATION_FORMAT = dwarf;
				ENABLE_STRICT_OBJC_MSGSEND = YES;
				ENABLE_TESTABILITY = YES;
				GCC_C_LANGUAGE_STANDARD = gnu11;
				GCC_DYNAMIC_NO_PIC = NO;
				GCC_NO_COMMON_BLOCKS = YES;
				GCC_OPTIMIZATION_LEVEL = 0;
				GCC_PREPROCESSOR_DEFINITIONS = (
					"DEBUG=1",
					"$(inherited)",
				);
				GCC_WARN_64_TO_32_BIT_CONVERSION = YES;
				GCC_WARN_ABOUT_RETURN_TYPE = YES_ERROR;
				GCC_WARN_UNDECLARED_SELECTOR = YES;
				GCC_WARN_UNINITIALIZED_AUTOS = YES_AGGRESSIVE;
				GCC_WARN_UNUSED_FUNCTION = YES;
				GCC_WARN_UNUSED_VARIABLE = YES;
				IPHONEOS_DEPLOYMENT_TARGET = 14.0;
				MTL_ENABLE_DEBUG_INFO = INCLUDE_SOURCE;
				MTL_FAST_MATH = YES;
				ONLY_ACTIVE_ARCH = YES;
				SDKROOT = iphoneos;
				SWIFT_ACTIVE_COMPILATION_CONDITIONS = DEBUG;
				SWIFT_OPTIMIZATION_LEVEL = "-Onone";
			};
			name = Debug;
		};
		FDD3A28E2545B5D0001CAA82 /* Release */ = {
			isa = XCBuildConfiguration;
			buildSettings = {
				ALWAYS_SEARCH_USER_PATHS = NO;
				CLANG_ANALYZER_LOCALIZABILITY_NONLOCALIZED = YES;
				CLANG_ANALYZER_NONNULL = YES;
				CLANG_ANALYZER_NUMBER_OBJECT_CONVERSION = YES_AGGRESSIVE;
				CLANG_CXX_LANGUAGE_STANDARD = "gnu++14";
				CLANG_CXX_LIBRARY = "libc++";
				CLANG_ENABLE_MODULES = YES;
				CLANG_ENABLE_OBJC_ARC = YES;
				CLANG_ENABLE_OBJC_WEAK = YES;
				CLANG_WARN_BLOCK_CAPTURE_AUTORELEASING = YES;
				CLANG_WARN_BOOL_CONVERSION = YES;
				CLANG_WARN_COMMA = YES;
				CLANG_WARN_CONSTANT_CONVERSION = YES;
				CLANG_WARN_DEPRECATED_OBJC_IMPLEMENTATIONS = YES;
				CLANG_WARN_DIRECT_OBJC_ISA_USAGE = YES_ERROR;
				CLANG_WARN_DOCUMENTATION_COMMENTS = YES;
				CLANG_WARN_EMPTY_BODY = YES;
				CLANG_WARN_ENUM_CONVERSION = YES;
				CLANG_WARN_INFINITE_RECURSION = YES;
				CLANG_WARN_INT_CONVERSION = YES;
				CLANG_WARN_NON_LITERAL_NULL_CONVERSION = YES;
				CLANG_WARN_OBJC_IMPLICIT_RETAIN_SELF = YES;
				CLANG_WARN_OBJC_LITERAL_CONVERSION = YES;
				CLANG_WARN_OBJC_ROOT_CLASS = YES_ERROR;
				CLANG_WARN_QUOTED_INCLUDE_IN_FRAMEWORK_HEADER = YES;
				CLANG_WARN_RANGE_LOOP_ANALYSIS = YES;
				CLANG_WARN_STRICT_PROTOTYPES = YES;
				CLANG_WARN_SUSPICIOUS_MOVE = YES;
				CLANG_WARN_UNGUARDED_AVAILABILITY = YES_AGGRESSIVE;
				CLANG_WARN_UNREACHABLE_CODE = YES;
				CLANG_WARN__DUPLICATE_METHOD_MATCH = YES;
				COPY_PHASE_STRIP = NO;
				DEBUG_INFORMATION_FORMAT = "dwarf-with-dsym";
				ENABLE_NS_ASSERTIONS = NO;
				ENABLE_STRICT_OBJC_MSGSEND = YES;
				GCC_C_LANGUAGE_STANDARD = gnu11;
				GCC_NO_COMMON_BLOCKS = YES;
				GCC_WARN_64_TO_32_BIT_CONVERSION = YES;
				GCC_WARN_ABOUT_RETURN_TYPE = YES_ERROR;
				GCC_WARN_UNDECLARED_SELECTOR = YES;
				GCC_WARN_UNINITIALIZED_AUTOS = YES_AGGRESSIVE;
				GCC_WARN_UNUSED_FUNCTION = YES;
				GCC_WARN_UNUSED_VARIABLE = YES;
				IPHONEOS_DEPLOYMENT_TARGET = 14.0;
				MTL_ENABLE_DEBUG_INFO = NO;
				MTL_FAST_MATH = YES;
				SDKROOT = iphoneos;
				SWIFT_COMPILATION_MODE = wholemodule;
				SWIFT_OPTIMIZATION_LEVEL = "-O";
				VALIDATE_PRODUCT = YES;
			};
			name = Release;
		};
		FDD3A2902545B5D0001CAA82 /* Debug */ = {
			isa = XCBuildConfiguration;
			buildSettings = {
				ASSETCATALOG_COMPILER_APPICON_NAME = AppIcon;
				ASSETCATALOG_COMPILER_GLOBAL_ACCENT_COLOR_NAME = AccentColor;
				CODE_SIGN_STYLE = Automatic;
				DEVELOPMENT_TEAM = 7M7ZGYSAKB;
				INFOPLIST_FILE = LocationAuthSample/Info.plist;
				LD_RUNPATH_SEARCH_PATHS = (
					"$(inherited)",
					"@executable_path/Frameworks",
				);
				PRODUCT_BUNDLE_IDENTIFIER = com.ASTK.LocationAuthSample;
				PRODUCT_NAME = "$(TARGET_NAME)";
				SWIFT_VERSION = 5.0;
				TARGETED_DEVICE_FAMILY = "1,2";
			};
			name = Debug;
		};
		FDD3A2912545B5D0001CAA82 /* Release */ = {
			isa = XCBuildConfiguration;
			buildSettings = {
				ASSETCATALOG_COMPILER_APPICON_NAME = AppIcon;
				ASSETCATALOG_COMPILER_GLOBAL_ACCENT_COLOR_NAME = AccentColor;
				CODE_SIGN_STYLE = Automatic;
				DEVELOPMENT_TEAM = 7M7ZGYSAKB;
				INFOPLIST_FILE = LocationAuthSample/Info.plist;
				LD_RUNPATH_SEARCH_PATHS = (
					"$(inherited)",
					"@executable_path/Frameworks",
				);
				PRODUCT_BUNDLE_IDENTIFIER = com.ASTK.LocationAuthSample;
				PRODUCT_NAME = "$(TARGET_NAME)";
				SWIFT_VERSION = 5.0;
				TARGETED_DEVICE_FAMILY = "1,2";
			};
			name = Release;
		};
		FDD3A2932545B5D0001CAA82 /* Debug */ = {
			isa = XCBuildConfiguration;
			buildSettings = {
				ALWAYS_EMBED_SWIFT_STANDARD_LIBRARIES = YES;
				BUNDLE_LOADER = "$(TEST_HOST)";
				CODE_SIGN_STYLE = Automatic;
				DEVELOPMENT_TEAM = 7M7ZGYSAKB;
				INFOPLIST_FILE = LocationAuthSampleTests/Info.plist;
				IPHONEOS_DEPLOYMENT_TARGET = 14.0;
				LD_RUNPATH_SEARCH_PATHS = (
					"$(inherited)",
					"@executable_path/Frameworks",
					"@loader_path/Frameworks",
				);
				PRODUCT_BUNDLE_IDENTIFIER = com.ASTK.LocationAuthSampleTests;
				PRODUCT_NAME = "$(TARGET_NAME)";
				SWIFT_VERSION = 5.0;
				TARGETED_DEVICE_FAMILY = "1,2";
				TEST_HOST = "$(BUILT_PRODUCTS_DIR)/LocationAuthSample.app/LocationAuthSample";
			};
			name = Debug;
		};
		FDD3A2942545B5D0001CAA82 /* Release */ = {
			isa = XCBuildConfiguration;
			buildSettings = {
				ALWAYS_EMBED_SWIFT_STANDARD_LIBRARIES = YES;
				BUNDLE_LOADER = "$(TEST_HOST)";
				CODE_SIGN_STYLE = Automatic;
				DEVELOPMENT_TEAM = 7M7ZGYSAKB;
				INFOPLIST_FILE = LocationAuthSampleTests/Info.plist;
				IPHONEOS_DEPLOYMENT_TARGET = 14.0;
				LD_RUNPATH_SEARCH_PATHS = (
					"$(inherited)",
					"@executable_path/Frameworks",
					"@loader_path/Frameworks",
				);
				PRODUCT_BUNDLE_IDENTIFIER = com.ASTK.LocationAuthSampleTests;
				PRODUCT_NAME = "$(TARGET_NAME)";
				SWIFT_VERSION = 5.0;
				TARGETED_DEVICE_FAMILY = "1,2";
				TEST_HOST = "$(BUILT_PRODUCTS_DIR)/LocationAuthSample.app/LocationAuthSample";
			};
			name = Release;
		};
		FDD3A2962545B5D0001CAA82 /* Debug */ = {
			isa = XCBuildConfiguration;
			buildSettings = {
				ALWAYS_EMBED_SWIFT_STANDARD_LIBRARIES = YES;
				CODE_SIGN_STYLE = Automatic;
				DEVELOPMENT_TEAM = 7M7ZGYSAKB;
				INFOPLIST_FILE = LocationAuthSampleUITests/Info.plist;
				LD_RUNPATH_SEARCH_PATHS = (
					"$(inherited)",
					"@executable_path/Frameworks",
					"@loader_path/Frameworks",
				);
				PRODUCT_BUNDLE_IDENTIFIER = com.ASTK.LocationAuthSampleUITests;
				PRODUCT_NAME = "$(TARGET_NAME)";
				SWIFT_VERSION = 5.0;
				TARGETED_DEVICE_FAMILY = "1,2";
				TEST_TARGET_NAME = LocationAuthSample;
			};
			name = Debug;
		};
		FDD3A2972545B5D0001CAA82 /* Release */ = {
			isa = XCBuildConfiguration;
			buildSettings = {
				ALWAYS_EMBED_SWIFT_STANDARD_LIBRARIES = YES;
				CODE_SIGN_STYLE = Automatic;
				DEVELOPMENT_TEAM = 7M7ZGYSAKB;
				INFOPLIST_FILE = LocationAuthSampleUITests/Info.plist;
				LD_RUNPATH_SEARCH_PATHS = (
					"$(inherited)",
					"@executable_path/Frameworks",
					"@loader_path/Frameworks",
				);
				PRODUCT_BUNDLE_IDENTIFIER = com.ASTK.LocationAuthSampleUITests;
				PRODUCT_NAME = "$(TARGET_NAME)";
				SWIFT_VERSION = 5.0;
				TARGETED_DEVICE_FAMILY = "1,2";
				TEST_TARGET_NAME = LocationAuthSample;
			};
			name = Release;
		};
/* End XCBuildConfiguration section */

/* Begin XCConfigurationList section */
		FDD3A2602545B5D0001CAA82 /* Build configuration list for PBXProject "LocationAuthSample" */ = {
			isa = XCConfigurationList;
			buildConfigurations = (
				FDD3A28D2545B5D0001CAA82 /* Debug */,
				FDD3A28E2545B5D0001CAA82 /* Release */,
			);
			defaultConfigurationIsVisible = 0;
			defaultConfigurationName = Release;
		};
		FDD3A28F2545B5D0001CAA82 /* Build configuration list for PBXNativeTarget "LocationAuthSample" */ = {
			isa = XCConfigurationList;
			buildConfigurations = (
				FDD3A2902545B5D0001CAA82 /* Debug */,
				FDD3A2912545B5D0001CAA82 /* Release */,
			);
			defaultConfigurationIsVisible = 0;
			defaultConfigurationName = Release;
		};
		FDD3A2922545B5D0001CAA82 /* Build configuration list for PBXNativeTarget "LocationAuthSampleTests" */ = {
			isa = XCConfigurationList;
			buildConfigurations = (
				FDD3A2932545B5D0001CAA82 /* Debug */,
				FDD3A2942545B5D0001CAA82 /* Release */,
			);
			defaultConfigurationIsVisible = 0;
			defaultConfigurationName = Release;
		};
		FDD3A2952545B5D0001CAA82 /* Build configuration list for PBXNativeTarget "LocationAuthSampleUITests" */ = {
			isa = XCConfigurationList;
			buildConfigurations = (
				FDD3A2962545B5D0001CAA82 /* Debug */,
				FDD3A2972545B5D0001CAA82 /* Release */,
			);
			defaultConfigurationIsVisible = 0;
			defaultConfigurationName = Release;
		};
/* End XCConfigurationList section */
	};
	rootObject = FDD3A25D2545B5D0001CAA82 /* Project object */;
}
